
Microsoft Visual Studio Solution File, Format Version 12.00
# Visual Studio Version 16
VisualStudioVersion = 16.0.30413.136
MinimumVisualStudioVersion = 10.0.40219.1
Project("{FAE04EC0-301F-11D3-BF4B-00C04F79EFBC}") = "OIB Generator", "OIB Generator\OIB Generator.csproj", "{C9F3EB12-B08D-4581-A919-66983E123FC1}"
EndProject
Global
	GlobalSection(SolutionConfigurationPlatforms) = preSolution
		Debug|Any CPU = Debug|Any CPU
		Release|Any CPU = Release|Any CPU
	EndGlobalSection
	GlobalSection(ProjectConfigurationPlatforms) = postSolution
		{C9F3EB12-B08D-4581-A919-66983E123FC1}.Debug|Any CPU.ActiveCfg = Debug|Any CPU
		{C9F3EB12-B08D-4581-A919-66983E123FC1}.Debug|Any CPU.Build.0 = Debug|Any CPU
		{C9F3EB12-B08D-4581-A919-66983E123FC1}.Release|Any CPU.ActiveCfg = Release|Any CPU
		{C9F3EB12-B08D-4581-A919-66983E123FC1}.Release|Any CPU.Build.0 = Release|Any CPU
	EndGlobalSection
	GlobalSection(SolutionProperties) = preSolution
		HideSolutionNode = FALSE
	EndGlobalSection
	GlobalSection(ExtensibilityGlobals) = postSolution
		SolutionGuid = {EDCFF44E-6180-4FED-BF7A-5C927275CF75}
	EndGlobalSection
EndGlobal
